// !$*UTF8*$!
{
	archiveVersion = 1;
	classes = {
	};
	objectVersion = 56;
	objects = {

/* Begin PBXBuildFile section */
		6026F7072B84AAD500262036 /* AllAIApp.swift in Sources */ = {isa = PBXBuildFile; fileRef = 6026F7062B84AAD500262036 /* AllAIApp.swift */; };
		6026F7092B84AAD500262036 /* ContentView.swift in Sources */ = {isa = PBXBuildFile; fileRef = 6026F7082B84AAD500262036 /* ContentView.swift */; };
		6026F70B2B84AAD600262036 /* Assets.xcassets in Resources */ = {isa = PBXBuildFile; fileRef = 6026F70A2B84AAD600262036 /* Assets.xcassets */; };
		6026F70F2B84AAD600262036 /* Preview Assets.xcassets in Resources */ = {isa = PBXBuildFile; fileRef = 6026F70E2B84AAD600262036 /* Preview Assets.xcassets */; };
		6026F71B2B84C67E00262036 /* Localizable.xcstrings in Resources */ = {isa = PBXBuildFile; fileRef = 6026F71A2B84C67E00262036 /* Localizable.xcstrings */; };
		6026F7272B84DB6D00262036 /* Onboarding.swift in Sources */ = {isa = PBXBuildFile; fileRef = 6026F7262B84DB6D00262036 /* Onboarding.swift */; };
		6026F72D2B84DD0E00262036 /* HttpClient.swift in Sources */ = {isa = PBXBuildFile; fileRef = 6026F72C2B84DD0E00262036 /* HttpClient.swift */; };
		6026F72F2B84DF4B00262036 /* AuthAppModel.swift in Sources */ = {isa = PBXBuildFile; fileRef = 6026F72E2B84DF4B00262036 /* AuthAppModel.swift */; };
		6026F7332B85D40400262036 /* ApiError.swift in Sources */ = {isa = PBXBuildFile; fileRef = 6026F7322B85D40400262036 /* ApiError.swift */; };
		6026F7352B85D8EA00262036 /* AppConfig.swift in Sources */ = {isa = PBXBuildFile; fileRef = 6026F7342B85D8EA00262036 /* AppConfig.swift */; };
		6026F7372B85E7C200262036 /* ApiResponseHandler.swift in Sources */ = {isa = PBXBuildFile; fileRef = 6026F7362B85E7C200262036 /* ApiResponseHandler.swift */; };
		6026F7392B85F2EF00262036 /* ApiResponse.swift in Sources */ = {isa = PBXBuildFile; fileRef = 6026F7382B85F2EF00262036 /* ApiResponse.swift */; };
		6026F73D2B861FC500262036 /* OnboardingScreen.swift in Sources */ = {isa = PBXBuildFile; fileRef = 6026F73C2B861FC500262036 /* OnboardingScreen.swift */; };
		6026F7402B86344400262036 /* KeyChain.swift in Sources */ = {isa = PBXBuildFile; fileRef = 6026F73F2B86344400262036 /* KeyChain.swift */; };
		6026F74E2B8767E400262036 /* UserDefaultsKeys.swift in Sources */ = {isa = PBXBuildFile; fileRef = 6026F74D2B8767E400262036 /* UserDefaultsKeys.swift */; };
		6026F7512B887F4100262036 /* OnboardingModel.swift in Sources */ = {isa = PBXBuildFile; fileRef = 6026F7502B887F4100262036 /* OnboardingModel.swift */; };
		6026F7552B88CD3700262036 /* FutureView.swift in Sources */ = {isa = PBXBuildFile; fileRef = 6026F7542B88CD3700262036 /* FutureView.swift */; };
		602FF1C32B8DD245006D7D8A /* LoginScreen.swift in Sources */ = {isa = PBXBuildFile; fileRef = 602FF1C22B8DD245006D7D8A /* LoginScreen.swift */; };
		609547C12B8F832E0028C7B8 /* GoogleService-Info.plist in Resources */ = {isa = PBXBuildFile; fileRef = 609547C02B8F832E0028C7B8 /* GoogleService-Info.plist */; };
		609547C52B8F85F10028C7B8 /* RootWrapperScreen.swift in Sources */ = {isa = PBXBuildFile; fileRef = 609547C42B8F85F10028C7B8 /* RootWrapperScreen.swift */; };
		609547C92B8F985F0028C7B8 /* HomeScreen.swift in Sources */ = {isa = PBXBuildFile; fileRef = 609547C82B8F985F0028C7B8 /* HomeScreen.swift */; };
		609547CC2B8F988E0028C7B8 /* HomeHeader.swift in Sources */ = {isa = PBXBuildFile; fileRef = 609547CB2B8F988E0028C7B8 /* HomeHeader.swift */; };
		609547CE2B8FA7E30028C7B8 /* ColorExtensions.swift in Sources */ = {isa = PBXBuildFile; fileRef = 609547CD2B8FA7E30028C7B8 /* ColorExtensions.swift */; };
		609547D42B9103F80028C7B8 /* ChatScreen.swift in Sources */ = {isa = PBXBuildFile; fileRef = 609547D32B9103F80028C7B8 /* ChatScreen.swift */; };
		609547D62B9105770028C7B8 /* PrimaryTextField.swift in Sources */ = {isa = PBXBuildFile; fileRef = 609547D52B9105770028C7B8 /* PrimaryTextField.swift */; };
		609547D82B91B5260028C7B8 /* GenerativeAI-Info.plist in Resources */ = {isa = PBXBuildFile; fileRef = 609547D72B91B5260028C7B8 /* GenerativeAI-Info.plist */; };
		609547DB2B91B5A60028C7B8 /* ChatModel.swift in Sources */ = {isa = PBXBuildFile; fileRef = 609547DA2B91B5A60028C7B8 /* ChatModel.swift */; };
		609547DE2B91B6E60028C7B8 /* GoogleGenerativeAI in Frameworks */ = {isa = PBXBuildFile; productRef = 609547DD2B91B6E60028C7B8 /* GoogleGenerativeAI */; };
		609547E12B91BFDD0028C7B8 /* ChatMessage.swift in Sources */ = {isa = PBXBuildFile; fileRef = 609547E02B91BFDD0028C7B8 /* ChatMessage.swift */; };
		609547E32B91F7420028C7B8 /* ReversedScrollView.swift in Sources */ = {isa = PBXBuildFile; fileRef = 609547E22B91F7420028C7B8 /* ReversedScrollView.swift */; };
		609547E62B9225960028C7B8 /* AppSecureStorage.swift in Sources */ = {isa = PBXBuildFile; fileRef = 609547E52B9225960028C7B8 /* AppSecureStorage.swift */; };
		60D090E32B8F104B004F5BFC /* GoogleSignIn in Frameworks */ = {isa = PBXBuildFile; productRef = 60D090E22B8F104B004F5BFC /* GoogleSignIn */; };
		60D090E52B8F104B004F5BFC /* GoogleSignInSwift in Frameworks */ = {isa = PBXBuildFile; productRef = 60D090E42B8F104B004F5BFC /* GoogleSignInSwift */; };
		60D090F32B8F1231004F5BFC /* Lottie in Frameworks */ = {isa = PBXBuildFile; productRef = 60D090F22B8F1231004F5BFC /* Lottie */; };
		60D090F82B8F19AB004F5BFC /* SocialButton.swift in Sources */ = {isa = PBXBuildFile; fileRef = 60D090F72B8F19AB004F5BFC /* SocialButton.swift */; };
		60D090FA2B8F1A35004F5BFC /* LottieView.swift in Sources */ = {isa = PBXBuildFile; fileRef = 60D090F92B8F1A35004F5BFC /* LottieView.swift */; };
		60D090FD2B8F1ADF004F5BFC /* StringExtensions.swift in Sources */ = {isa = PBXBuildFile; fileRef = 60D090FC2B8F1ADF004F5BFC /* StringExtensions.swift */; };
		60D091012B8F1D74004F5BFC /* AppleSignInHelper.swift in Sources */ = {isa = PBXBuildFile; fileRef = 60D090FF2B8F1D74004F5BFC /* AppleSignInHelper.swift */; };
		60D091022B8F1D74004F5BFC /* GoogleSignInHelper.swift in Sources */ = {isa = PBXBuildFile; fileRef = 60D091002B8F1D74004F5BFC /* GoogleSignInHelper.swift */; };
		60D091052B8F22B7004F5BFC /* FirebaseAuth in Frameworks */ = {isa = PBXBuildFile; productRef = 60D091042B8F22B7004F5BFC /* FirebaseAuth */; };
		60D091072B8F236F004F5BFC /* AppError.swift in Sources */ = {isa = PBXBuildFile; fileRef = 60D091062B8F236F004F5BFC /* AppError.swift */; };
		60D0910A2B8F4088004F5BFC /* User.swift in Sources */ = {isa = PBXBuildFile; fileRef = 60D091092B8F4088004F5BFC /* User.swift */; };
		60D0910C2B8F43B2004F5BFC /* FirebaseFirestore in Frameworks */ = {isa = PBXBuildFile; productRef = 60D0910B2B8F43B2004F5BFC /* FirebaseFirestore */; };
		60D0910E2B8F43B2004F5BFC /* FirebaseFirestoreSwift in Frameworks */ = {isa = PBXBuildFile; productRef = 60D0910D2B8F43B2004F5BFC /* FirebaseFirestoreSwift */; };
/* End PBXBuildFile section */

/* Begin PBXFileReference section */
		6026F7032B84AAD500262036 /* AllAI.app */ = {isa = PBXFileReference; explicitFileType = wrapper.application; includeInIndex = 0; path = AllAI.app; sourceTree = BUILT_PRODUCTS_DIR; };
		6026F7062B84AAD500262036 /* AllAIApp.swift */ = {isa = PBXFileReference; lastKnownFileType = sourcecode.swift; path = AllAIApp.swift; sourceTree = "<group>"; };
		6026F7082B84AAD500262036 /* ContentView.swift */ = {isa = PBXFileReference; lastKnownFileType = sourcecode.swift; path = ContentView.swift; sourceTree = "<group>"; };
		6026F70A2B84AAD600262036 /* Assets.xcassets */ = {isa = PBXFileReference; lastKnownFileType = folder.assetcatalog; path = Assets.xcassets; sourceTree = "<group>"; };
		6026F70C2B84AAD600262036 /* AllAI.entitlements */ = {isa = PBXFileReference; lastKnownFileType = text.plist.entitlements; path = AllAI.entitlements; sourceTree = "<group>"; };
		6026F70E2B84AAD600262036 /* Preview Assets.xcassets */ = {isa = PBXFileReference; lastKnownFileType = folder.assetcatalog; path = "Preview Assets.xcassets"; sourceTree = "<group>"; };
		6026F71A2B84C67E00262036 /* Localizable.xcstrings */ = {isa = PBXFileReference; lastKnownFileType = text.json.xcstrings; path = Localizable.xcstrings; sourceTree = "<group>"; };
		6026F7262B84DB6D00262036 /* Onboarding.swift */ = {isa = PBXFileReference; lastKnownFileType = sourcecode.swift; path = Onboarding.swift; sourceTree = "<group>"; };
		6026F72C2B84DD0E00262036 /* HttpClient.swift */ = {isa = PBXFileReference; lastKnownFileType = sourcecode.swift; path = HttpClient.swift; sourceTree = "<group>"; };
		6026F72E2B84DF4B00262036 /* AuthAppModel.swift */ = {isa = PBXFileReference; lastKnownFileType = sourcecode.swift; path = AuthAppModel.swift; sourceTree = "<group>"; };
		6026F7322B85D40400262036 /* ApiError.swift */ = {isa = PBXFileReference; lastKnownFileType = sourcecode.swift; path = ApiError.swift; sourceTree = "<group>"; };
		6026F7342B85D8EA00262036 /* AppConfig.swift */ = {isa = PBXFileReference; lastKnownFileType = sourcecode.swift; path = AppConfig.swift; sourceTree = "<group>"; };
		6026F7362B85E7C200262036 /* ApiResponseHandler.swift */ = {isa = PBXFileReference; lastKnownFileType = sourcecode.swift; path = ApiResponseHandler.swift; sourceTree = "<group>"; };
		6026F7382B85F2EF00262036 /* ApiResponse.swift */ = {isa = PBXFileReference; lastKnownFileType = sourcecode.swift; path = ApiResponse.swift; sourceTree = "<group>"; };
		6026F73C2B861FC500262036 /* OnboardingScreen.swift */ = {isa = PBXFileReference; lastKnownFileType = sourcecode.swift; path = OnboardingScreen.swift; sourceTree = "<group>"; };
		6026F73F2B86344400262036 /* KeyChain.swift */ = {isa = PBXFileReference; lastKnownFileType = sourcecode.swift; path = KeyChain.swift; sourceTree = "<group>"; };
		6026F74D2B8767E400262036 /* UserDefaultsKeys.swift */ = {isa = PBXFileReference; lastKnownFileType = sourcecode.swift; path = UserDefaultsKeys.swift; sourceTree = "<group>"; };
		6026F7502B887F4100262036 /* OnboardingModel.swift */ = {isa = PBXFileReference; lastKnownFileType = sourcecode.swift; path = OnboardingModel.swift; sourceTree = "<group>"; };
		6026F7542B88CD3700262036 /* FutureView.swift */ = {isa = PBXFileReference; lastKnownFileType = sourcecode.swift; path = FutureView.swift; sourceTree = "<group>"; };
		602FF1C22B8DD245006D7D8A /* LoginScreen.swift */ = {isa = PBXFileReference; lastKnownFileType = sourcecode.swift; path = LoginScreen.swift; sourceTree = "<group>"; };
		609547C02B8F832E0028C7B8 /* GoogleService-Info.plist */ = {isa = PBXFileReference; fileEncoding = 4; lastKnownFileType = text.plist.xml; path = "GoogleService-Info.plist"; sourceTree = "<group>"; };
		609547C42B8F85F10028C7B8 /* RootWrapperScreen.swift */ = {isa = PBXFileReference; lastKnownFileType = sourcecode.swift; path = RootWrapperScreen.swift; sourceTree = "<group>"; };
		609547C82B8F985F0028C7B8 /* HomeScreen.swift */ = {isa = PBXFileReference; lastKnownFileType = sourcecode.swift; path = HomeScreen.swift; sourceTree = "<group>"; };
		609547CB2B8F988E0028C7B8 /* HomeHeader.swift */ = {isa = PBXFileReference; lastKnownFileType = sourcecode.swift; path = HomeHeader.swift; sourceTree = "<group>"; };
		609547CD2B8FA7E30028C7B8 /* ColorExtensions.swift */ = {isa = PBXFileReference; lastKnownFileType = sourcecode.swift; path = ColorExtensions.swift; sourceTree = "<group>"; };
		609547D32B9103F80028C7B8 /* ChatScreen.swift */ = {isa = PBXFileReference; lastKnownFileType = sourcecode.swift; path = ChatScreen.swift; sourceTree = "<group>"; };
		609547D52B9105770028C7B8 /* PrimaryTextField.swift */ = {isa = PBXFileReference; lastKnownFileType = sourcecode.swift; path = PrimaryTextField.swift; sourceTree = "<group>"; };
		609547D72B91B5260028C7B8 /* GenerativeAI-Info.plist */ = {isa = PBXFileReference; lastKnownFileType = text.plist.xml; path = "GenerativeAI-Info.plist"; sourceTree = "<group>"; };
		609547DA2B91B5A60028C7B8 /* ChatModel.swift */ = {isa = PBXFileReference; lastKnownFileType = sourcecode.swift; path = ChatModel.swift; sourceTree = "<group>"; };
		609547E02B91BFDD0028C7B8 /* ChatMessage.swift */ = {isa = PBXFileReference; lastKnownFileType = sourcecode.swift; path = ChatMessage.swift; sourceTree = "<group>"; };
		609547E22B91F7420028C7B8 /* ReversedScrollView.swift */ = {isa = PBXFileReference; lastKnownFileType = sourcecode.swift; path = ReversedScrollView.swift; sourceTree = "<group>"; };
		609547E52B9225960028C7B8 /* AppSecureStorage.swift */ = {isa = PBXFileReference; lastKnownFileType = sourcecode.swift; path = AppSecureStorage.swift; sourceTree = "<group>"; };
		60D090F72B8F19AB004F5BFC /* SocialButton.swift */ = {isa = PBXFileReference; lastKnownFileType = sourcecode.swift; path = SocialButton.swift; sourceTree = "<group>"; };
		60D090F92B8F1A35004F5BFC /* LottieView.swift */ = {isa = PBXFileReference; lastKnownFileType = sourcecode.swift; path = LottieView.swift; sourceTree = "<group>"; };
		60D090FC2B8F1ADF004F5BFC /* StringExtensions.swift */ = {isa = PBXFileReference; lastKnownFileType = sourcecode.swift; path = StringExtensions.swift; sourceTree = "<group>"; };
		60D090FF2B8F1D74004F5BFC /* AppleSignInHelper.swift */ = {isa = PBXFileReference; fileEncoding = 4; lastKnownFileType = sourcecode.swift; path = AppleSignInHelper.swift; sourceTree = "<group>"; };
		60D091002B8F1D74004F5BFC /* GoogleSignInHelper.swift */ = {isa = PBXFileReference; fileEncoding = 4; lastKnownFileType = sourcecode.swift; path = GoogleSignInHelper.swift; sourceTree = "<group>"; };
		60D091062B8F236F004F5BFC /* AppError.swift */ = {isa = PBXFileReference; lastKnownFileType = sourcecode.swift; path = AppError.swift; sourceTree = "<group>"; };
		60D091092B8F4088004F5BFC /* User.swift */ = {isa = PBXFileReference; lastKnownFileType = sourcecode.swift; path = User.swift; sourceTree = "<group>"; };
/* End PBXFileReference section */

/* Begin PBXFrameworksBuildPhase section */
		6026F7002B84AAD500262036 /* Frameworks */ = {
			isa = PBXFrameworksBuildPhase;
			buildActionMask = 2147483647;
			files = (
				60D090E32B8F104B004F5BFC /* GoogleSignIn in Frameworks */,
				60D090E52B8F104B004F5BFC /* GoogleSignInSwift in Frameworks */,
				60D0910C2B8F43B2004F5BFC /* FirebaseFirestore in Frameworks */,
				60D0910E2B8F43B2004F5BFC /* FirebaseFirestoreSwift in Frameworks */,
				609547DE2B91B6E60028C7B8 /* GoogleGenerativeAI in Frameworks */,
				60D091052B8F22B7004F5BFC /* FirebaseAuth in Frameworks */,
				60D090F32B8F1231004F5BFC /* Lottie in Frameworks */,
			);
			runOnlyForDeploymentPostprocessing = 0;
		};
/* End PBXFrameworksBuildPhase section */

/* Begin PBXGroup section */
		6026F6FA2B84AAD500262036 = {
			isa = PBXGroup;
			children = (
				6026F7052B84AAD500262036 /* AllAI */,
				6026F7042B84AAD500262036 /* Products */,
				60D091032B8F22B7004F5BFC /* Frameworks */,
			);
			sourceTree = "<group>";
		};
		6026F7042B84AAD500262036 /* Products */ = {
			isa = PBXGroup;
			children = (
				6026F7032B84AAD500262036 /* AllAI.app */,
			);
			name = Products;
			sourceTree = "<group>";
		};
		6026F7052B84AAD500262036 /* AllAI */ = {
			isa = PBXGroup;
			children = (
				6026F7152B84C4D800262036 /* Core */,
				6026F70A2B84AAD600262036 /* Assets.xcassets */,
				6026F70C2B84AAD600262036 /* AllAI.entitlements */,
				609547C02B8F832E0028C7B8 /* GoogleService-Info.plist */,
				6026F70D2B84AAD600262036 /* Preview Content */,
				609547D72B91B5260028C7B8 /* GenerativeAI-Info.plist */,
			);
			path = AllAI;
			sourceTree = "<group>";
		};
		6026F70D2B84AAD600262036 /* Preview Content */ = {
			isa = PBXGroup;
			children = (
				6026F70E2B84AAD600262036 /* Preview Assets.xcassets */,
			);
			path = "Preview Content";
			sourceTree = "<group>";
		};
		6026F7152B84C4D800262036 /* Core */ = {
			isa = PBXGroup;
			children = (
				60D090FB2B8F1AB3004F5BFC /* Extensions */,
				6026F72A2B84DCF200262036 /* Data */,
				6026F71D2B84CAEA00262036 /* GlobalEnvironment */,
				6026F71C2B84C7A400262036 /* Helpers */,
				6026F7182B84C5FA00262036 /* Utility */,
				6026F7172B84C5B200262036 /* Main */,
				6026F7162B84C4E900262036 /* Features */,
			);
			path = Core;
			sourceTree = "<group>";
		};
		6026F7162B84C4E900262036 /* Features */ = {
			isa = PBXGroup;
			children = (
				609547D12B9103DA0028C7B8 /* Chat */,
				609547C62B8F983C0028C7B8 /* Home */,
				609547C22B8F85720028C7B8 /* RootWrapper */,
				602FF1C02B8DD22A006D7D8A /* Auth */,
				6026F7522B88C5C700262036 /* Common */,
				6026F71F2B84CB5E00262036 /* Onboarding */,
			);
			path = Features;
			sourceTree = "<group>";
		};
		6026F7172B84C5B200262036 /* Main */ = {
			isa = PBXGroup;
			children = (
				6026F7082B84AAD500262036 /* ContentView.swift */,
				6026F7062B84AAD500262036 /* AllAIApp.swift */,
			);
			path = Main;
			sourceTree = "<group>";
		};
		6026F7182B84C5FA00262036 /* Utility */ = {
			isa = PBXGroup;
			children = (
				6026F71A2B84C67E00262036 /* Localizable.xcstrings */,
				6026F7342B85D8EA00262036 /* AppConfig.swift */,
				6026F74D2B8767E400262036 /* UserDefaultsKeys.swift */,
				60D091062B8F236F004F5BFC /* AppError.swift */,
			);
			path = Utility;
			sourceTree = "<group>";
		};
		6026F71C2B84C7A400262036 /* Helpers */ = {
			isa = PBXGroup;
			children = (
				60D090FF2B8F1D74004F5BFC /* AppleSignInHelper.swift */,
				60D091002B8F1D74004F5BFC /* GoogleSignInHelper.swift */,
			);
			path = Helpers;
			sourceTree = "<group>";
		};
		6026F71D2B84CAEA00262036 /* GlobalEnvironment */ = {
			isa = PBXGroup;
			children = (
			);
			path = GlobalEnvironment;
			sourceTree = "<group>";
		};
		6026F71F2B84CB5E00262036 /* Onboarding */ = {
			isa = PBXGroup;
			children = (
				6026F7232B84D06C00262036 /* Models */,
				6026F7202B84CB9500262036 /* Screens */,
			);
			path = Onboarding;
			sourceTree = "<group>";
		};
		6026F7202B84CB9500262036 /* Screens */ = {
			isa = PBXGroup;
			children = (
				6026F73C2B861FC500262036 /* OnboardingScreen.swift */,
			);
			path = Screens;
			sourceTree = "<group>";
		};
		6026F7232B84D06C00262036 /* Models */ = {
			isa = PBXGroup;
			children = (
				6026F74F2B887F2900262036 /* Entities */,
				6026F7502B887F4100262036 /* OnboardingModel.swift */,
			);
			path = Models;
			sourceTree = "<group>";
		};
		6026F72A2B84DCF200262036 /* Data */ = {
			isa = PBXGroup;
			children = (
				609547E42B92257A0028C7B8 /* SecuareStorage */,
				6026F73E2B86341400262036 /* KeyChain */,
				6026F72B2B84DCFC00262036 /* Remote */,
			);
			path = Data;
			sourceTree = "<group>";
		};
		6026F72B2B84DCFC00262036 /* Remote */ = {
			isa = PBXGroup;
			children = (
				6026F72C2B84DD0E00262036 /* HttpClient.swift */,
				6026F7362B85E7C200262036 /* ApiResponseHandler.swift */,
				6026F7382B85F2EF00262036 /* ApiResponse.swift */,
				6026F7322B85D40400262036 /* ApiError.swift */,
			);
			path = Remote;
			sourceTree = "<group>";
		};
		6026F73E2B86341400262036 /* KeyChain */ = {
			isa = PBXGroup;
			children = (
				6026F73F2B86344400262036 /* KeyChain.swift */,
			);
			path = KeyChain;
			sourceTree = "<group>";
		};
		6026F74F2B887F2900262036 /* Entities */ = {
			isa = PBXGroup;
			children = (
				6026F7262B84DB6D00262036 /* Onboarding.swift */,
			);
			path = Entities;
			sourceTree = "<group>";
		};
		6026F7522B88C5C700262036 /* Common */ = {
			isa = PBXGroup;
			children = (
				60D090F42B8F1877004F5BFC /* Combonents */,
				6026F7532B88C5D900262036 /* Views */,
			);
			path = Common;
			sourceTree = "<group>";
		};
		6026F7532B88C5D900262036 /* Views */ = {
			isa = PBXGroup;
			children = (
			);
			path = Views;
			sourceTree = "<group>";
		};
		602FF1C02B8DD22A006D7D8A /* Auth */ = {
			isa = PBXGroup;
			children = (
				60D090FE2B8F1B47004F5BFC /* Models */,
				60D090F62B8F1902004F5BFC /* Combonents */,
				602FF1C12B8DD235006D7D8A /* Screens */,
			);
			path = Auth;
			sourceTree = "<group>";
		};
		602FF1C12B8DD235006D7D8A /* Screens */ = {
			isa = PBXGroup;
			children = (
				602FF1C22B8DD245006D7D8A /* LoginScreen.swift */,
			);
			path = Screens;
			sourceTree = "<group>";
		};
		609547C22B8F85720028C7B8 /* RootWrapper */ = {
			isa = PBXGroup;
			children = (
				609547C32B8F858F0028C7B8 /* Screens */,
			);
			path = RootWrapper;
			sourceTree = "<group>";
		};
		609547C32B8F858F0028C7B8 /* Screens */ = {
			isa = PBXGroup;
			children = (
				609547C42B8F85F10028C7B8 /* RootWrapperScreen.swift */,
			);
			path = Screens;
			sourceTree = "<group>";
		};
		609547C62B8F983C0028C7B8 /* Home */ = {
			isa = PBXGroup;
			children = (
				609547CA2B8F987C0028C7B8 /* Combonents */,
				609547C72B8F98520028C7B8 /* Screens */,
			);
			path = Home;
			sourceTree = "<group>";
		};
		609547C72B8F98520028C7B8 /* Screens */ = {
			isa = PBXGroup;
			children = (
				609547C82B8F985F0028C7B8 /* HomeScreen.swift */,
			);
			path = Screens;
			sourceTree = "<group>";
		};
		609547CA2B8F987C0028C7B8 /* Combonents */ = {
			isa = PBXGroup;
			children = (
				609547CB2B8F988E0028C7B8 /* HomeHeader.swift */,
			);
			path = Combonents;
			sourceTree = "<group>";
		};
		609547D12B9103DA0028C7B8 /* Chat */ = {
			isa = PBXGroup;
			children = (
				609547D92B91B5990028C7B8 /* Models */,
				609547D22B9103E40028C7B8 /* Screens */,
			);
			path = Chat;
			sourceTree = "<group>";
		};
		609547D22B9103E40028C7B8 /* Screens */ = {
			isa = PBXGroup;
			children = (
				609547D32B9103F80028C7B8 /* ChatScreen.swift */,
			);
			path = Screens;
			sourceTree = "<group>";
		};
		609547D92B91B5990028C7B8 /* Models */ = {
			isa = PBXGroup;
			children = (
				609547DF2B91BFBD0028C7B8 /* Entities */,
				609547DA2B91B5A60028C7B8 /* ChatModel.swift */,
			);
			path = Models;
			sourceTree = "<group>";
		};
		609547DF2B91BFBD0028C7B8 /* Entities */ = {
			isa = PBXGroup;
			children = (
				609547E02B91BFDD0028C7B8 /* ChatMessage.swift */,
			);
			path = Entities;
			sourceTree = "<group>";
		};
		609547E42B92257A0028C7B8 /* SecuareStorage */ = {
			isa = PBXGroup;
			children = (
				609547E52B9225960028C7B8 /* AppSecureStorage.swift */,
			);
			path = SecuareStorage;
			sourceTree = "<group>";
		};
		60D090F42B8F1877004F5BFC /* Combonents */ = {
			isa = PBXGroup;
			children = (
				6026F7542B88CD3700262036 /* FutureView.swift */,
				60D090F92B8F1A35004F5BFC /* LottieView.swift */,
				609547D52B9105770028C7B8 /* PrimaryTextField.swift */,
				609547E22B91F7420028C7B8 /* ReversedScrollView.swift */,
			);
			path = Combonents;
			sourceTree = "<group>";
		};
		60D090F62B8F1902004F5BFC /* Combonents */ = {
			isa = PBXGroup;
			children = (
				60D090F72B8F19AB004F5BFC /* SocialButton.swift */,
			);
			path = Combonents;
			sourceTree = "<group>";
		};
		60D090FB2B8F1AB3004F5BFC /* Extensions */ = {
			isa = PBXGroup;
			children = (
				60D090FC2B8F1ADF004F5BFC /* StringExtensions.swift */,
				609547CD2B8FA7E30028C7B8 /* ColorExtensions.swift */,
			);
			path = Extensions;
			sourceTree = "<group>";
		};
		60D090FE2B8F1B47004F5BFC /* Models */ = {
			isa = PBXGroup;
			children = (
				60D091082B8F406F004F5BFC /* Entities */,
				6026F72E2B84DF4B00262036 /* AuthAppModel.swift */,
			);
			path = Models;
			sourceTree = "<group>";
		};
		60D091032B8F22B7004F5BFC /* Frameworks */ = {
			isa = PBXGroup;
			children = (
			);
			name = Frameworks;
			sourceTree = "<group>";
		};
		60D091082B8F406F004F5BFC /* Entities */ = {
			isa = PBXGroup;
			children = (
				60D091092B8F4088004F5BFC /* User.swift */,
			);
			path = Entities;
			sourceTree = "<group>";
		};
/* End PBXGroup section */

/* Begin PBXNativeTarget section */
		6026F7022B84AAD500262036 /* AllAI */ = {
			isa = PBXNativeTarget;
			buildConfigurationList = 6026F7122B84AAD600262036 /* Build configuration list for PBXNativeTarget "AllAI" */;
			buildPhases = (
				6026F6FF2B84AAD500262036 /* Sources */,
				6026F7002B84AAD500262036 /* Frameworks */,
				6026F7012B84AAD500262036 /* Resources */,
			);
			buildRules = (
			);
			dependencies = (
			);
			name = AllAI;
			packageProductDependencies = (
				60D090E22B8F104B004F5BFC /* GoogleSignIn */,
				60D090E42B8F104B004F5BFC /* GoogleSignInSwift */,
				60D090F22B8F1231004F5BFC /* Lottie */,
				60D091042B8F22B7004F5BFC /* FirebaseAuth */,
				60D0910B2B8F43B2004F5BFC /* FirebaseFirestore */,
				60D0910D2B8F43B2004F5BFC /* FirebaseFirestoreSwift */,
				609547DD2B91B6E60028C7B8 /* GoogleGenerativeAI */,
			);
			productName = AllAI;
			productReference = 6026F7032B84AAD500262036 /* AllAI.app */;
			productType = "com.apple.product-type.application";
		};
/* End PBXNativeTarget section */

/* Begin PBXProject section */
		6026F6FB2B84AAD500262036 /* Project object */ = {
			isa = PBXProject;
			attributes = {
				BuildIndependentTargetsInParallel = 1;
				LastSwiftUpdateCheck = 1520;
				LastUpgradeCheck = 1520;
				TargetAttributes = {
					6026F7022B84AAD500262036 = {
						CreatedOnToolsVersion = 15.2;
					};
				};
			};
			buildConfigurationList = 6026F6FE2B84AAD500262036 /* Build configuration list for PBXProject "AllAI" */;
			compatibilityVersion = "Xcode 14.0";
			developmentRegion = en;
			hasScannedForEncodings = 0;
			knownRegions = (
				en,
				Base,
				ar,
			);
			mainGroup = 6026F6FA2B84AAD500262036;
			packageReferences = (
				60D090E12B8F104B004F5BFC /* XCRemoteSwiftPackageReference "GoogleSignIn-iOS" */,
				60D090E62B8F1157004F5BFC /* XCRemoteSwiftPackageReference "firebase-ios-sdk" */,
				60D090F12B8F1231004F5BFC /* XCRemoteSwiftPackageReference "lottie-spm" */,
				609547DC2B91B6E60028C7B8 /* XCRemoteSwiftPackageReference "generative-ai-swift" */,
			);
			productRefGroup = 6026F7042B84AAD500262036 /* Products */;
			projectDirPath = "";
			projectRoot = "";
			targets = (
				6026F7022B84AAD500262036 /* AllAI */,
			);
		};
/* End PBXProject section */

/* Begin PBXResourcesBuildPhase section */
		6026F7012B84AAD500262036 /* Resources */ = {
			isa = PBXResourcesBuildPhase;
			buildActionMask = 2147483647;
			files = (
				6026F70F2B84AAD600262036 /* Preview Assets.xcassets in Resources */,
				609547D82B91B5260028C7B8 /* GenerativeAI-Info.plist in Resources */,
				6026F70B2B84AAD600262036 /* Assets.xcassets in Resources */,
				609547C12B8F832E0028C7B8 /* GoogleService-Info.plist in Resources */,
				6026F71B2B84C67E00262036 /* Localizable.xcstrings in Resources */,
			);
			runOnlyForDeploymentPostprocessing = 0;
		};
/* End PBXResourcesBuildPhase section */

/* Begin PBXSourcesBuildPhase section */
		6026F6FF2B84AAD500262036 /* Sources */ = {
			isa = PBXSourcesBuildPhase;
			buildActionMask = 2147483647;
			files = (
				6026F7392B85F2EF00262036 /* ApiResponse.swift in Sources */,
				609547CE2B8FA7E30028C7B8 /* ColorExtensions.swift in Sources */,
				60D090FA2B8F1A35004F5BFC /* LottieView.swift in Sources */,
				609547E12B91BFDD0028C7B8 /* ChatMessage.swift in Sources */,
				6026F7352B85D8EA00262036 /* AppConfig.swift in Sources */,
				6026F74E2B8767E400262036 /* UserDefaultsKeys.swift in Sources */,
				6026F72D2B84DD0E00262036 /* HttpClient.swift in Sources */,
				60D091012B8F1D74004F5BFC /* AppleSignInHelper.swift in Sources */,
				609547D42B9103F80028C7B8 /* ChatScreen.swift in Sources */,
				6026F7092B84AAD500262036 /* ContentView.swift in Sources */,
				60D090F82B8F19AB004F5BFC /* SocialButton.swift in Sources */,
				6026F7372B85E7C200262036 /* ApiResponseHandler.swift in Sources */,
				609547CC2B8F988E0028C7B8 /* HomeHeader.swift in Sources */,
				6026F7332B85D40400262036 /* ApiError.swift in Sources */,
				609547E62B9225960028C7B8 /* AppSecureStorage.swift in Sources */,
				60D0910A2B8F4088004F5BFC /* User.swift in Sources */,
				609547D62B9105770028C7B8 /* PrimaryTextField.swift in Sources */,
				6026F73D2B861FC500262036 /* OnboardingScreen.swift in Sources */,
				6026F7072B84AAD500262036 /* AllAIApp.swift in Sources */,
				6026F7402B86344400262036 /* KeyChain.swift in Sources */,
				60D090FD2B8F1ADF004F5BFC /* StringExtensions.swift in Sources */,
				6026F7272B84DB6D00262036 /* Onboarding.swift in Sources */,
				6026F7552B88CD3700262036 /* FutureView.swift in Sources */,
				609547DB2B91B5A60028C7B8 /* ChatModel.swift in Sources */,
				60D091022B8F1D74004F5BFC /* GoogleSignInHelper.swift in Sources */,
				6026F7512B887F4100262036 /* OnboardingModel.swift in Sources */,
				6026F72F2B84DF4B00262036 /* AuthAppModel.swift in Sources */,
				609547C92B8F985F0028C7B8 /* HomeScreen.swift in Sources */,
				609547C52B8F85F10028C7B8 /* RootWrapperScreen.swift in Sources */,
				609547E32B91F7420028C7B8 /* ReversedScrollView.swift in Sources */,
				602FF1C32B8DD245006D7D8A /* LoginScreen.swift in Sources */,
				60D091072B8F236F004F5BFC /* AppError.swift in Sources */,
			);
			runOnlyForDeploymentPostprocessing = 0;
		};
/* End PBXSourcesBuildPhase section */

/* Begin XCBuildConfiguration section */
		6026F7102B84AAD600262036 /* Debug */ = {
			isa = XCBuildConfiguration;
			buildSettings = {
				ALWAYS_SEARCH_USER_PATHS = NO;
				ASSETCATALOG_COMPILER_GENERATE_SWIFT_ASSET_SYMBOL_EXTENSIONS = YES;
				CLANG_ANALYZER_NONNULL = YES;
				CLANG_ANALYZER_NUMBER_OBJECT_CONVERSION = YES_AGGRESSIVE;
				CLANG_CXX_LANGUAGE_STANDARD = "gnu++20";
				CLANG_ENABLE_MODULES = YES;
				CLANG_ENABLE_OBJC_ARC = YES;
				CLANG_ENABLE_OBJC_WEAK = YES;
				CLANG_WARN_BLOCK_CAPTURE_AUTORELEASING = YES;
				CLANG_WARN_BOOL_CONVERSION = YES;
				CLANG_WARN_COMMA = YES;
				CLANG_WARN_CONSTANT_CONVERSION = YES;
				CLANG_WARN_DEPRECATED_OBJC_IMPLEMENTATIONS = YES;
				CLANG_WARN_DIRECT_OBJC_ISA_USAGE = YES_ERROR;
				CLANG_WARN_DOCUMENTATION_COMMENTS = YES;
				CLANG_WARN_EMPTY_BODY = YES;
				CLANG_WARN_ENUM_CONVERSION = YES;
				CLANG_WARN_INFINITE_RECURSION = YES;
				CLANG_WARN_INT_CONVERSION = YES;
				CLANG_WARN_NON_LITERAL_NULL_CONVERSION = YES;
				CLANG_WARN_OBJC_IMPLICIT_RETAIN_SELF = YES;
				CLANG_WARN_OBJC_LITERAL_CONVERSION = YES;
				CLANG_WARN_OBJC_ROOT_CLASS = YES_ERROR;
				CLANG_WARN_QUOTED_INCLUDE_IN_FRAMEWORK_HEADER = YES;
				CLANG_WARN_RANGE_LOOP_ANALYSIS = YES;
				CLANG_WARN_STRICT_PROTOTYPES = YES;
				CLANG_WARN_SUSPICIOUS_MOVE = YES;
				CLANG_WARN_UNGUARDED_AVAILABILITY = YES_AGGRESSIVE;
				CLANG_WARN_UNREACHABLE_CODE = YES;
				CLANG_WARN__DUPLICATE_METHOD_MATCH = YES;
				COPY_PHASE_STRIP = NO;
				DEBUG_INFORMATION_FORMAT = dwarf;
				ENABLE_STRICT_OBJC_MSGSEND = YES;
				ENABLE_TESTABILITY = YES;
				ENABLE_USER_SCRIPT_SANDBOXING = YES;
				GCC_C_LANGUAGE_STANDARD = gnu17;
				GCC_DYNAMIC_NO_PIC = NO;
				GCC_NO_COMMON_BLOCKS = YES;
				GCC_OPTIMIZATION_LEVEL = 0;
				GCC_PREPROCESSOR_DEFINITIONS = (
					"DEBUG=1",
					"$(inherited)",
				);
				GCC_WARN_64_TO_32_BIT_CONVERSION = YES;
				GCC_WARN_ABOUT_RETURN_TYPE = YES_ERROR;
				GCC_WARN_UNDECLARED_SELECTOR = YES;
				GCC_WARN_UNINITIALIZED_AUTOS = YES_AGGRESSIVE;
				GCC_WARN_UNUSED_FUNCTION = YES;
				GCC_WARN_UNUSED_VARIABLE = YES;
				LOCALIZATION_PREFERS_STRING_CATALOGS = YES;
				MTL_ENABLE_DEBUG_INFO = INCLUDE_SOURCE;
				MTL_FAST_MATH = YES;
				ONLY_ACTIVE_ARCH = YES;
				SWIFT_ACTIVE_COMPILATION_CONDITIONS = "DEBUG $(inherited)";
				SWIFT_OPTIMIZATION_LEVEL = "-Onone";
			};
			name = Debug;
		};
		6026F7112B84AAD600262036 /* Release */ = {
			isa = XCBuildConfiguration;
			buildSettings = {
				ALWAYS_SEARCH_USER_PATHS = NO;
				ASSETCATALOG_COMPILER_GENERATE_SWIFT_ASSET_SYMBOL_EXTENSIONS = YES;
				CLANG_ANALYZER_NONNULL = YES;
				CLANG_ANALYZER_NUMBER_OBJECT_CONVERSION = YES_AGGRESSIVE;
				CLANG_CXX_LANGUAGE_STANDARD = "gnu++20";
				CLANG_ENABLE_MODULES = YES;
				CLANG_ENABLE_OBJC_ARC = YES;
				CLANG_ENABLE_OBJC_WEAK = YES;
				CLANG_WARN_BLOCK_CAPTURE_AUTORELEASING = YES;
				CLANG_WARN_BOOL_CONVERSION = YES;
				CLANG_WARN_COMMA = YES;
				CLANG_WARN_CONSTANT_CONVERSION = YES;
				CLANG_WARN_DEPRECATED_OBJC_IMPLEMENTATIONS = YES;
				CLANG_WARN_DIRECT_OBJC_ISA_USAGE = YES_ERROR;
				CLANG_WARN_DOCUMENTATION_COMMENTS = YES;
				CLANG_WARN_EMPTY_BODY = YES;
				CLANG_WARN_ENUM_CONVERSION = YES;
				CLANG_WARN_INFINITE_RECURSION = YES;
				CLANG_WARN_INT_CONVERSION = YES;
				CLANG_WARN_NON_LITERAL_NULL_CONVERSION = YES;
				CLANG_WARN_OBJC_IMPLICIT_RETAIN_SELF = YES;
				CLANG_WARN_OBJC_LITERAL_CONVERSION = YES;
				CLANG_WARN_OBJC_ROOT_CLASS = YES_ERROR;
				CLANG_WARN_QUOTED_INCLUDE_IN_FRAMEWORK_HEADER = YES;
				CLANG_WARN_RANGE_LOOP_ANALYSIS = YES;
				CLANG_WARN_STRICT_PROTOTYPES = YES;
				CLANG_WARN_SUSPICIOUS_MOVE = YES;
				CLANG_WARN_UNGUARDED_AVAILABILITY = YES_AGGRESSIVE;
				CLANG_WARN_UNREACHABLE_CODE = YES;
				CLANG_WARN__DUPLICATE_METHOD_MATCH = YES;
				COPY_PHASE_STRIP = NO;
				DEBUG_INFORMATION_FORMAT = "dwarf-with-dsym";
				ENABLE_NS_ASSERTIONS = NO;
				ENABLE_STRICT_OBJC_MSGSEND = YES;
				ENABLE_USER_SCRIPT_SANDBOXING = YES;
				GCC_C_LANGUAGE_STANDARD = gnu17;
				GCC_NO_COMMON_BLOCKS = YES;
				GCC_WARN_64_TO_32_BIT_CONVERSION = YES;
				GCC_WARN_ABOUT_RETURN_TYPE = YES_ERROR;
				GCC_WARN_UNDECLARED_SELECTOR = YES;
				GCC_WARN_UNINITIALIZED_AUTOS = YES_AGGRESSIVE;
				GCC_WARN_UNUSED_FUNCTION = YES;
				GCC_WARN_UNUSED_VARIABLE = YES;
				LOCALIZATION_PREFERS_STRING_CATALOGS = YES;
				MTL_ENABLE_DEBUG_INFO = NO;
				MTL_FAST_MATH = YES;
				SWIFT_COMPILATION_MODE = wholemodule;
			};
			name = Release;
		};
		6026F7132B84AAD600262036 /* Debug */ = {
			isa = XCBuildConfiguration;
			buildSettings = {
				ASSETCATALOG_COMPILER_APPICON_NAME = AppIcon;
				ASSETCATALOG_COMPILER_GLOBAL_ACCENT_COLOR_NAME = AccentColor;
				CODE_SIGN_ENTITLEMENTS = AllAI/AllAI.entitlements;
				CODE_SIGN_STYLE = Automatic;
				CURRENT_PROJECT_VERSION = 1;
				DEVELOPMENT_ASSET_PATHS = "\"AllAI/Preview Content\"";
				DEVELOPMENT_TEAM = GB3YZ5D3TJ;
				ENABLE_HARDENED_RUNTIME = YES;
				ENABLE_PREVIEWS = YES;
				GENERATE_INFOPLIST_FILE = YES;
				"INFOPLIST_KEY_UIApplicationSceneManifest_Generation[sdk=iphoneos*]" = YES;
				"INFOPLIST_KEY_UIApplicationSceneManifest_Generation[sdk=iphonesimulator*]" = YES;
				"INFOPLIST_KEY_UIApplicationSupportsIndirectInputEvents[sdk=iphoneos*]" = YES;
				"INFOPLIST_KEY_UIApplicationSupportsIndirectInputEvents[sdk=iphonesimulator*]" = YES;
				"INFOPLIST_KEY_UILaunchScreen_Generation[sdk=iphoneos*]" = YES;
				"INFOPLIST_KEY_UILaunchScreen_Generation[sdk=iphonesimulator*]" = YES;
				"INFOPLIST_KEY_UIStatusBarStyle[sdk=iphoneos*]" = UIStatusBarStyleDefault;
				"INFOPLIST_KEY_UIStatusBarStyle[sdk=iphonesimulator*]" = UIStatusBarStyleDefault;
				INFOPLIST_KEY_UISupportedInterfaceOrientations_iPad = "UIInterfaceOrientationPortrait UIInterfaceOrientationPortraitUpsideDown UIInterfaceOrientationLandscapeLeft UIInterfaceOrientationLandscapeRight";
				INFOPLIST_KEY_UISupportedInterfaceOrientations_iPhone = "UIInterfaceOrientationPortrait UIInterfaceOrientationLandscapeLeft UIInterfaceOrientationLandscapeRight";
				IPHONEOS_DEPLOYMENT_TARGET = 17.2;
				LD_RUNPATH_SEARCH_PATHS = "@executable_path/Frameworks";
				"LD_RUNPATH_SEARCH_PATHS[sdk=macosx*]" = "@executable_path/../Frameworks";
				MACOSX_DEPLOYMENT_TARGET = 14.1;
				MARKETING_VERSION = 1.0;
				PRODUCT_BUNDLE_IDENTIFIER = com.hoslab.AILand;
				PRODUCT_NAME = "$(TARGET_NAME)";
				SDKROOT = auto;
				SUPPORTED_PLATFORMS = "iphoneos iphonesimulator macosx";
				SUPPORTS_MACCATALYST = NO;
				SUPPORTS_XR_DESIGNED_FOR_IPHONE_IPAD = YES;
				SWIFT_EMIT_LOC_STRINGS = YES;
				SWIFT_VERSION = 5.0;
				TARGETED_DEVICE_FAMILY = "1,2";
			};
			name = Debug;
		};
		6026F7142B84AAD600262036 /* Release */ = {
			isa = XCBuildConfiguration;
			buildSettings = {
				ASSETCATALOG_COMPILER_APPICON_NAME = AppIcon;
				ASSETCATALOG_COMPILER_GLOBAL_ACCENT_COLOR_NAME = AccentColor;
				CODE_SIGN_ENTITLEMENTS = AllAI/AllAI.entitlements;
				CODE_SIGN_STYLE = Automatic;
				CURRENT_PROJECT_VERSION = 1;
				DEVELOPMENT_ASSET_PATHS = "\"AllAI/Preview Content\"";
				DEVELOPMENT_TEAM = GB3YZ5D3TJ;
				ENABLE_HARDENED_RUNTIME = YES;
				ENABLE_PREVIEWS = YES;
				GENERATE_INFOPLIST_FILE = YES;
				"INFOPLIST_KEY_UIApplicationSceneManifest_Generation[sdk=iphoneos*]" = YES;
				"INFOPLIST_KEY_UIApplicationSceneManifest_Generation[sdk=iphonesimulator*]" = YES;
				"INFOPLIST_KEY_UIApplicationSupportsIndirectInputEvents[sdk=iphoneos*]" = YES;
				"INFOPLIST_KEY_UIApplicationSupportsIndirectInputEvents[sdk=iphonesimulator*]" = YES;
				"INFOPLIST_KEY_UILaunchScreen_Generation[sdk=iphoneos*]" = YES;
				"INFOPLIST_KEY_UILaunchScreen_Generation[sdk=iphonesimulator*]" = YES;
				"INFOPLIST_KEY_UIStatusBarStyle[sdk=iphoneos*]" = UIStatusBarStyleDefault;
				"INFOPLIST_KEY_UIStatusBarStyle[sdk=iphonesimulator*]" = UIStatusBarStyleDefault;
				INFOPLIST_KEY_UISupportedInterfaceOrientations_iPad = "UIInterfaceOrientationPortrait UIInterfaceOrientationPortraitUpsideDown UIInterfaceOrientationLandscapeLeft UIInterfaceOrientationLandscapeRight";
				INFOPLIST_KEY_UISupportedInterfaceOrientations_iPhone = "UIInterfaceOrientationPortrait UIInterfaceOrientationLandscapeLeft UIInterfaceOrientationLandscapeRight";
				IPHONEOS_DEPLOYMENT_TARGET = 17.2;
				LD_RUNPATH_SEARCH_PATHS = "@executable_path/Frameworks";
				"LD_RUNPATH_SEARCH_PATHS[sdk=macosx*]" = "@executable_path/../Frameworks";
				MACOSX_DEPLOYMENT_TARGET = 14.1;
				MARKETING_VERSION = 1.0;
				PRODUCT_BUNDLE_IDENTIFIER = com.hoslab.AILand;
				PRODUCT_NAME = "$(TARGET_NAME)";
				SDKROOT = auto;
				SUPPORTED_PLATFORMS = "iphoneos iphonesimulator macosx";
				SUPPORTS_MACCATALYST = NO;
				SUPPORTS_XR_DESIGNED_FOR_IPHONE_IPAD = YES;
				SWIFT_EMIT_LOC_STRINGS = YES;
				SWIFT_VERSION = 5.0;
				TARGETED_DEVICE_FAMILY = "1,2";
			};
			name = Release;
		};
/* End XCBuildConfiguration section */

/* Begin XCConfigurationList section */
		6026F6FE2B84AAD500262036 /* Build configuration list for PBXProject "AllAI" */ = {
			isa = XCConfigurationList;
			buildConfigurations = (
				6026F7102B84AAD600262036 /* Debug */,
				6026F7112B84AAD600262036 /* Release */,
			);
			defaultConfigurationIsVisible = 0;
			defaultConfigurationName = Release;
		};
		6026F7122B84AAD600262036 /* Build configuration list for PBXNativeTarget "AllAI" */ = {
			isa = XCConfigurationList;
			buildConfigurations = (
				6026F7132B84AAD600262036 /* Debug */,
				6026F7142B84AAD600262036 /* Release */,
			);
			defaultConfigurationIsVisible = 0;
			defaultConfigurationName = Release;
		};
/* End XCConfigurationList section */

/* Begin XCRemoteSwiftPackageReference section */
		609547DC2B91B6E60028C7B8 /* XCRemoteSwiftPackageReference "generative-ai-swift" */ = {
			isa = XCRemoteSwiftPackageReference;
			repositoryURL = "https://github.com/google/generative-ai-swift";
			requirement = {
				kind = upToNextMajorVersion;
				minimumVersion = 0.4.8;
			};
		};
		60D090E12B8F104B004F5BFC /* XCRemoteSwiftPackageReference "GoogleSignIn-iOS" */ = {
			isa = XCRemoteSwiftPackageReference;
			repositoryURL = "https://github.com/google/GoogleSignIn-iOS";
			requirement = {
				kind = upToNextMajorVersion;
				minimumVersion = 7.0.0;
			};
		};
		60D090E62B8F1157004F5BFC /* XCRemoteSwiftPackageReference "firebase-ios-sdk" */ = {
			isa = XCRemoteSwiftPackageReference;
			repositoryURL = "https://github.com/firebase/firebase-ios-sdk";
			requirement = {
				kind = upToNextMajorVersion;
				minimumVersion = 10.21.0;
			};
		};
		60D090F12B8F1231004F5BFC /* XCRemoteSwiftPackageReference "lottie-spm" */ = {
			isa = XCRemoteSwiftPackageReference;
			repositoryURL = "https://github.com/airbnb/lottie-spm.git";
			requirement = {
				kind = upToNextMajorVersion;
				minimumVersion = 4.4.1;
			};
		};
/* End XCRemoteSwiftPackageReference section */

/* Begin XCSwiftPackageProductDependency section */
		609547DD2B91B6E60028C7B8 /* GoogleGenerativeAI */ = {
			isa = XCSwiftPackageProductDependency;
			package = 609547DC2B91B6E60028C7B8 /* XCRemoteSwiftPackageReference "generative-ai-swift" */;
			productName = GoogleGenerativeAI;
		};
		60D090E22B8F104B004F5BFC /* GoogleSignIn */ = {
			isa = XCSwiftPackageProductDependency;
			package = 60D090E12B8F104B004F5BFC /* XCRemoteSwiftPackageReference "GoogleSignIn-iOS" */;
			productName = GoogleSignIn;
		};
		60D090E42B8F104B004F5BFC /* GoogleSignInSwift */ = {
			isa = XCSwiftPackageProductDependency;
			package = 60D090E12B8F104B004F5BFC /* XCRemoteSwiftPackageReference "GoogleSignIn-iOS" */;
			productName = GoogleSignInSwift;
		};
		60D090F22B8F1231004F5BFC /* Lottie */ = {
			isa = XCSwiftPackageProductDependency;
			package = 60D090F12B8F1231004F5BFC /* XCRemoteSwiftPackageReference "lottie-spm" */;
			productName = Lottie;
		};
		60D091042B8F22B7004F5BFC /* FirebaseAuth */ = {
			isa = XCSwiftPackageProductDependency;
			package = 60D090E62B8F1157004F5BFC /* XCRemoteSwiftPackageReference "firebase-ios-sdk" */;
			productName = FirebaseAuth;
		};
		60D0910B2B8F43B2004F5BFC /* FirebaseFirestore */ = {
			isa = XCSwiftPackageProductDependency;
			package = 60D090E62B8F1157004F5BFC /* XCRemoteSwiftPackageReference "firebase-ios-sdk" */;
			productName = FirebaseFirestore;
		};
		60D0910D2B8F43B2004F5BFC /* FirebaseFirestoreSwift */ = {
			isa = XCSwiftPackageProductDependency;
			package = 60D090E62B8F1157004F5BFC /* XCRemoteSwiftPackageReference "firebase-ios-sdk" */;
			productName = FirebaseFirestoreSwift;
		};
/* End XCSwiftPackageProductDependency section */
	};
	rootObject = 6026F6FB2B84AAD500262036 /* Project object */;
}
